
Microsoft Visual Studio Solution File, Format Version 12.00
# Visual Studio Version 16
VisualStudioVersion = 16.0.31624.102
MinimumVisualStudioVersion = 10.0.40219.1
Project("{FAE04EC0-301F-11D3-BF4B-00C04F79EFBC}") = "MiuTea", "MiuTea.csproj", "{EE070C79-BF43-4315-A580-A74AB06C56DD}"
EndProject
Project("{FAE04EC0-301F-11D3-BF4B-00C04F79EFBC}") = "WeFoneApp", "..\WeFoneApp\WeFoneApp.csproj", "{AB06D74A-727D-4A08-B6E3-06D767D7158F}"
EndProject
Global
	GlobalSection(SolutionConfigurationPlatforms) = preSolution
		Debug|Any CPU = Debug|Any CPU
		Release|Any CPU = Release|Any CPU
	EndGlobalSection
	GlobalSection(ProjectConfigurationPlatforms) = postSolution
		{EE070C79-BF43-4315-A580-A74AB06C56DD}.Debug|Any CPU.ActiveCfg = Debug|Any CPU
		{EE070C79-BF43-4315-A580-A74AB06C56DD}.Debug|Any CPU.Build.0 = Debug|Any CPU
		{EE070C79-BF43-4315-A580-A74AB06C56DD}.Release|Any CPU.ActiveCfg = Release|Any CPU
		{EE070C79-BF43-4315-A580-A74AB06C56DD}.Release|Any CPU.Build.0 = Release|Any CPU
		{AB06D74A-727D-4A08-B6E3-06D767D7158F}.Debug|Any CPU.ActiveCfg = Debug|Any CPU
		{AB06D74A-727D-4A08-B6E3-06D767D7158F}.Debug|Any CPU.Build.0 = Debug|Any CPU
		{AB06D74A-727D-4A08-B6E3-06D767D7158F}.Release|Any CPU.ActiveCfg = Release|Any CPU
		{AB06D74A-727D-4A08-B6E3-06D767D7158F}.Release|Any CPU.Build.0 = Release|Any CPU
	EndGlobalSection
	GlobalSection(SolutionProperties) = preSolution
		HideSolutionNode = FALSE
	EndGlobalSection
	GlobalSection(ExtensibilityGlobals) = postSolution
		SolutionGuid = {A57FDC07-C11E-4E84-8D84-CD9D57F22D9E}
	EndGlobalSection
EndGlobal
